// !$*UTF8*$!
{
	archiveVersion = 1;
	classes = {
	};
	objectVersion = 46;
	objects = {

/* Begin PBXFileReference section */
		62B587D51B3F30B600CE7860 /* sqlite3.framework */ = {isa = PBXFileReference; explicitFileType = wrapper.framework; includeInIndex = 0; path = sqlite3.framework; sourceTree = BUILT_PRODUCTS_DIR; };
		62B587DA1B3F30B600CE7860 /* Info.plist */ = {isa = PBXFileReference; lastKnownFileType = text.plist.xml; path = Info.plist; sourceTree = "<group>"; };
		62B587F41B3F32E000CE7860 /* sqlite3.framework */ = {isa = PBXFileReference; explicitFileType = wrapper.framework; includeInIndex = 0; path = sqlite3.framework; sourceTree = BUILT_PRODUCTS_DIR; };
		62B587F81B3F32E000CE7860 /* Info.plist */ = {isa = PBXFileReference; lastKnownFileType = text.plist.xml; path = Info.plist; sourceTree = "<group>"; };
/* End PBXFileReference section */

/* Begin PBXFrameworksBuildPhase section */
		62B587D11B3F30B600CE7860 /* Frameworks */ = {
			isa = PBXFrameworksBuildPhase;
			buildActionMask = 2147483647;
			files = (
			);
			runOnlyForDeploymentPostprocessing = 0;
		};
		62B587F01B3F32E000CE7860 /* Frameworks */ = {
			isa = PBXFrameworksBuildPhase;
			buildActionMask = 2147483647;
			files = (
			);
			runOnlyForDeploymentPostprocessing = 0;
		};
/* End PBXFrameworksBuildPhase section */

/* Begin PBXGroup section */
		62B587CB1B3F30B600CE7860 = {
			isa = PBXGroup;
			children = (
				62B587D71B3F30B600CE7860 /* sqlite3-macosx */,
				62B587F51B3F32E000CE7860 /* sqlite3-iphoneos */,
				62B587D61B3F30B600CE7860 /* Products */,
			);
			sourceTree = "<group>";
		};
		62B587D61B3F30B600CE7860 /* Products */ = {
			isa = PBXGroup;
			children = (
				62B587D51B3F30B600CE7860 /* sqlite3.framework */,
				62B587F41B3F32E000CE7860 /* sqlite3.framework */,
			);
			name = Products;
			sourceTree = "<group>";
		};
		62B587D71B3F30B600CE7860 /* sqlite3-macosx */ = {
			isa = PBXGroup;
			children = (
				62B587DA1B3F30B600CE7860 /* Info.plist */,
			);
			name = "sqlite3-macosx";
			path = sqlite3;
			sourceTree = "<group>";
		};
		62B587F51B3F32E000CE7860 /* sqlite3-iphoneos */ = {
			isa = PBXGroup;
			children = (
				62B587F81B3F32E000CE7860 /* Info.plist */,
			);
			path = "sqlite3-iphoneos";
			sourceTree = "<group>";
		};
/* End PBXGroup section */

/* Begin PBXHeadersBuildPhase section */
		62B587D21B3F30B600CE7860 /* Headers */ = {
			isa = PBXHeadersBuildPhase;
			buildActionMask = 2147483647;
			files = (
			);
			runOnlyForDeploymentPostprocessing = 0;
		};
		62B587F11B3F32E000CE7860 /* Headers */ = {
			isa = PBXHeadersBuildPhase;
			buildActionMask = 2147483647;
			files = (
			);
			runOnlyForDeploymentPostprocessing = 0;
		};
/* End PBXHeadersBuildPhase section */

/* Begin PBXNativeTarget section */
		62B587D41B3F30B600CE7860 /* sqlite3-macosx */ = {
			isa = PBXNativeTarget;
			buildConfigurationList = 62B587E91B3F30B600CE7860 /* Build configuration list for PBXNativeTarget "sqlite3-macosx" */;
			buildPhases = (
				62B587D01B3F30B600CE7860 /* Sources */,
				62B587D11B3F30B600CE7860 /* Frameworks */,
				62B587D21B3F30B600CE7860 /* Headers */,
				62B587D31B3F30B600CE7860 /* Resources */,
			);
			buildRules = (
			);
			dependencies = (
			);
			name = "sqlite3-macosx";
			productName = sqlite3;
			productReference = 62B587D51B3F30B600CE7860 /* sqlite3.framework */;
			productType = "com.apple.product-type.framework";
		};
		62B587F31B3F32E000CE7860 /* sqlite3-iphoneos */ = {
			isa = PBXNativeTarget;
			buildConfigurationList = 62B588051B3F32E000CE7860 /* Build configuration list for PBXNativeTarget "sqlite3-iphoneos" */;
			buildPhases = (
				62B587EF1B3F32E000CE7860 /* Sources */,
				62B587F01B3F32E000CE7860 /* Frameworks */,
				62B587F11B3F32E000CE7860 /* Headers */,
				62B587F21B3F32E000CE7860 /* Resources */,
			);
			buildRules = (
			);
			dependencies = (
			);
			name = "sqlite3-iphoneos";
			productName = "sqlite3-iphoneos";
			productReference = 62B587F41B3F32E000CE7860 /* sqlite3.framework */;
			productType = "com.apple.product-type.framework";
		};
/* End PBXNativeTarget section */

/* Begin PBXProject section */
		62B587CC1B3F30B600CE7860 /* Project object */ = {
			isa = PBXProject;
			attributes = {
				LastUpgradeCheck = 0700;
				ORGANIZATIONNAME = "Christian Niles";
				TargetAttributes = {
					62B587D41B3F30B600CE7860 = {
						CreatedOnToolsVersion = 7.0;
					};
					62B587F31B3F32E000CE7860 = {
						CreatedOnToolsVersion = 7.0;
					};
				};
			};
			buildConfigurationList = 62B587CF1B3F30B600CE7860 /* Build configuration list for PBXProject "sqlite3" */;
			compatibilityVersion = "Xcode 3.2";
			developmentRegion = English;
			hasScannedForEncodings = 0;
			knownRegions = (
				en,
			);
			mainGroup = 62B587CB1B3F30B600CE7860;
			productRefGroup = 62B587D61B3F30B600CE7860 /* Products */;
			projectDirPath = "";
			projectRoot = "";
			targets = (
				62B587D41B3F30B600CE7860 /* sqlite3-macosx */,
				62B587F31B3F32E000CE7860 /* sqlite3-iphoneos */,
			);
		};
/* End PBXProject section */

/* Begin PBXResourcesBuildPhase section */
		62B587D31B3F30B600CE7860 /* Resources */ = {
			isa = PBXResourcesBuildPhase;
			buildActionMask = 2147483647;
			files = (
			);
			runOnlyForDeploymentPostprocessing = 0;
		};
		62B587F21B3F32E000CE7860 /* Resources */ = {
			isa = PBXResourcesBuildPhase;
			buildActionMask = 2147483647;
			files = (
			);
			runOnlyForDeploymentPostprocessing = 0;
		};
/* End PBXResourcesBuildPhase section */

/* Begin PBXSourcesBuildPhase section */
		62B587D01B3F30B600CE7860 /* Sources */ = {
			isa = PBXSourcesBuildPhase;
			buildActionMask = 2147483647;
			files = (
			);
			runOnlyForDeploymentPostprocessing = 0;
		};
		62B587EF1B3F32E000CE7860 /* Sources */ = {
			isa = PBXSourcesBuildPhase;
			buildActionMask = 2147483647;
			files = (
			);
			runOnlyForDeploymentPostprocessing = 0;
		};
/* End PBXSourcesBuildPhase section */

/* Begin XCBuildConfiguration section */
		62B587E71B3F30B600CE7860 /* Debug */ = {
			isa = XCBuildConfiguration;
			buildSettings = {
				ALWAYS_SEARCH_USER_PATHS = NO;
				CLANG_CXX_LANGUAGE_STANDARD = "gnu++0x";
				CLANG_CXX_LIBRARY = "libc++";
				CLANG_ENABLE_MODULES = YES;
				CLANG_ENABLE_OBJC_ARC = YES;
				CLANG_WARN_BOOL_CONVERSION = YES;
				CLANG_WARN_CONSTANT_CONVERSION = YES;
				CLANG_WARN_DIRECT_OBJC_ISA_USAGE = YES_ERROR;
				CLANG_WARN_EMPTY_BODY = YES;
				CLANG_WARN_ENUM_CONVERSION = YES;
				CLANG_WARN_INT_CONVERSION = YES;
				CLANG_WARN_OBJC_ROOT_CLASS = YES_ERROR;
				CLANG_WARN_UNREACHABLE_CODE = YES;
				CLANG_WARN__DUPLICATE_METHOD_MATCH = YES;
				COPY_PHASE_STRIP = NO;
				CURRENT_PROJECT_VERSION = 1;
				DEBUG_INFORMATION_FORMAT = dwarf;
				ENABLE_STRICT_OBJC_MSGSEND = YES;
				ENABLE_TESTABILITY = YES;
				GCC_C_LANGUAGE_STANDARD = gnu99;
				GCC_DYNAMIC_NO_PIC = NO;
				GCC_NO_COMMON_BLOCKS = YES;
				GCC_OPTIMIZATION_LEVEL = 0;
				GCC_PREPROCESSOR_DEFINITIONS = (
					"DEBUG=1",
					"$(inherited)",
				);
				GCC_WARN_64_TO_32_BIT_CONVERSION = YES;
				GCC_WARN_ABOUT_RETURN_TYPE = YES_ERROR;
				GCC_WARN_UNDECLARED_SELECTOR = YES;
				GCC_WARN_UNINITIALIZED_AUTOS = YES_AGGRESSIVE;
				GCC_WARN_UNUSED_FUNCTION = YES;
				GCC_WARN_UNUSED_VARIABLE = YES;
				MACOSX_DEPLOYMENT_TARGET = 10.10;
				MTL_ENABLE_DEBUG_INFO = YES;
				ONLY_ACTIVE_ARCH = YES;
				SDKROOT = macosx;
				VERSIONING_SYSTEM = "apple-generic";
				VERSION_INFO_PREFIX = "";
			};
			name = Debug;
		};
		62B587E81B3F30B600CE7860 /* Release */ = {
			isa = XCBuildConfiguration;
			buildSettings = {
				ALWAYS_SEARCH_USER_PATHS = NO;
				CLANG_CXX_LANGUAGE_STANDARD = "gnu++0x";
				CLANG_CXX_LIBRARY = "libc++";
				CLANG_ENABLE_MODULES = YES;
				CLANG_ENABLE_OBJC_ARC = YES;
				CLANG_WARN_BOOL_CONVERSION = YES;
				CLANG_WARN_CONSTANT_CONVERSION = YES;
				CLANG_WARN_DIRECT_OBJC_ISA_USAGE = YES_ERROR;
				CLANG_WARN_EMPTY_BODY = YES;
				CLANG_WARN_ENUM_CONVERSION = YES;
				CLANG_WARN_INT_CONVERSION = YES;
				CLANG_WARN_OBJC_ROOT_CLASS = YES_ERROR;
				CLANG_WARN_UNREACHABLE_CODE = YES;
				CLANG_WARN__DUPLICATE_METHOD_MATCH = YES;
				COPY_PHASE_STRIP = NO;
				CURRENT_PROJECT_VERSION = 1;
				DEBUG_INFORMATION_FORMAT = "dwarf-with-dsym";
				ENABLE_NS_ASSERTIONS = NO;
				ENABLE_STRICT_OBJC_MSGSEND = YES;
				GCC_C_LANGUAGE_STANDARD = gnu99;
				GCC_NO_COMMON_BLOCKS = YES;
				GCC_WARN_64_TO_32_BIT_CONVERSION = YES;
				GCC_WARN_ABOUT_RETURN_TYPE = YES_ERROR;
				GCC_WARN_UNDECLARED_SELECTOR = YES;
				GCC_WARN_UNINITIALIZED_AUTOS = YES_AGGRESSIVE;
				GCC_WARN_UNUSED_FUNCTION = YES;
				GCC_WARN_UNUSED_VARIABLE = YES;
				MACOSX_DEPLOYMENT_TARGET = 10.10;
				MTL_ENABLE_DEBUG_INFO = NO;
				SDKROOT = macosx;
				VERSIONING_SYSTEM = "apple-generic";
				VERSION_INFO_PREFIX = "";
			};
			name = Release;
		};
		62B587EA1B3F30B600CE7860 /* Debug */ = {
			isa = XCBuildConfiguration;
			buildSettings = {
				COMBINE_HIDPI_IMAGES = YES;
				DEFINES_MODULE = YES;
				DYLIB_COMPATIBILITY_VERSION = 1;
				DYLIB_CURRENT_VERSION = 1;
				DYLIB_INSTALL_NAME_BASE = "@rpath";
				FRAMEWORK_VERSION = A;
				INFOPLIST_FILE = sqlite3/Info.plist;
				INSTALL_PATH = "$(LOCAL_LIBRARY_DIR)/Frameworks";
				LD_RUNPATH_SEARCH_PATHS = "$(inherited) @executable_path/../Frameworks @loader_path/Frameworks";
				MODULEMAP_FILE = "$(SRCROOT)/sqlite3-macosx.modulemap";
				OTHER_LDFLAGS = "-lsqlite3";
				PRODUCT_BUNDLE_IDENTIFIER = com.nerdyc.sqlite3;
				PRODUCT_MODULE_NAME = sqlite3;
				PRODUCT_NAME = sqlite3;
				SKIP_INSTALL = YES;
			};
			name = Debug;
		};
		62B587EB1B3F30B600CE7860 /* Release */ = {
			isa = XCBuildConfiguration;
			buildSettings = {
				COMBINE_HIDPI_IMAGES = YES;
				DEFINES_MODULE = YES;
				DYLIB_COMPATIBILITY_VERSION = 1;
				DYLIB_CURRENT_VERSION = 1;
				DYLIB_INSTALL_NAME_BASE = "@rpath";
				FRAMEWORK_VERSION = A;
				INFOPLIST_FILE = sqlite3/Info.plist;
				INSTALL_PATH = "$(LOCAL_LIBRARY_DIR)/Frameworks";
				LD_RUNPATH_SEARCH_PATHS = "$(inherited) @executable_path/../Frameworks @loader_path/Frameworks";
				MODULEMAP_FILE = "$(SRCROOT)/sqlite3-macosx.modulemap";
				OTHER_LDFLAGS = "-lsqlite3";
				PRODUCT_BUNDLE_IDENTIFIER = com.nerdyc.sqlite3;
				PRODUCT_MODULE_NAME = sqlite3;
				PRODUCT_NAME = sqlite3;
				SKIP_INSTALL = YES;
			};
			name = Release;
		};
		62B588061B3F32E000CE7860 /* Debug */ = {
			isa = XCBuildConfiguration;
			buildSettings = {
				"CODE_SIGN_IDENTITY[sdk=iphoneos*]" = "iPhone Developer";
				DEFINES_MODULE = YES;
				DYLIB_COMPATIBILITY_VERSION = 1;
				DYLIB_CURRENT_VERSION = 1;
				DYLIB_INSTALL_NAME_BASE = "@rpath";
				INFOPLIST_FILE = "sqlite3-iphoneos/Info.plist";
				INSTALL_PATH = "$(LOCAL_LIBRARY_DIR)/Frameworks";
				IPHONEOS_DEPLOYMENT_TARGET = 9.0;
				LD_RUNPATH_SEARCH_PATHS = "$(inherited) @executable_path/Frameworks @loader_path/Frameworks";
				"MODULEMAP_FILE[sdk=*]" = "$(SRCROOT)/sqlite3-iphoneos.modulemap";
				"MODULEMAP_FILE[sdk=iphonesimulator*]" = "$(SRCROOT)/sqlite3-iphonesimulator.modulemap";
				PRODUCT_BUNDLE_IDENTIFIER = "com.nerdyc.sqlite3-iphoneos";
				PRODUCT_MODULE_NAME = sqlite3;
				PRODUCT_NAME = sqlite3;
				SDKROOT = iphoneos;
				SKIP_INSTALL = YES;
				TARGETED_DEVICE_FAMILY = "1,2";
			};
			name = Debug;
		};
		62B588071B3F32E000CE7860 /* Release */ = {
			isa = XCBuildConfiguration;
			buildSettings = {
				"CODE_SIGN_IDENTITY[sdk=iphoneos*]" = "iPhone Developer";
				DEFINES_MODULE = YES;
				DYLIB_COMPATIBILITY_VERSION = 1;
				DYLIB_CURRENT_VERSION = 1;
				DYLIB_INSTALL_NAME_BASE = "@rpath";
				INFOPLIST_FILE = "sqlite3-iphoneos/Info.plist";
				INSTALL_PATH = "$(LOCAL_LIBRARY_DIR)/Frameworks";
				IPHONEOS_DEPLOYMENT_TARGET = 9.0;
				LD_RUNPATH_SEARCH_PATHS = "$(inherited) @executable_path/Frameworks @loader_path/Frameworks";
				PRODUCT_BUNDLE_IDENTIFIER = "com.nerdyc.sqlite3-iphoneos";
				PRODUCT_MODULE_NAME = sqlite3;
				PRODUCT_NAME = sqlite3;
				SDKROOT = iphoneos;
				SKIP_INSTALL = YES;
				TARGETED_DEVICE_FAMILY = "1,2";
				VALIDATE_PRODUCT = YES;
			};
			name = Release;
		};
/* End XCBuildConfiguration section */

/* Begin XCConfigurationList section */
		62B587CF1B3F30B600CE7860 /* Build configuration list for PBXProject "sqlite3" */ = {
			isa = XCConfigurationList;
			buildConfigurations = (
				62B587E71B3F30B600CE7860 /* Debug */,
				62B587E81B3F30B600CE7860 /* Release */,
			);
			defaultConfigurationIsVisible = 0;
			defaultConfigurationName = Release;
		};
		62B587E91B3F30B600CE7860 /* Build configuration list for PBXNativeTarget "sqlite3-macosx" */ = {
			isa = XCConfigurationList;
			buildConfigurations = (
				62B587EA1B3F30B600CE7860 /* Debug */,
				62B587EB1B3F30B600CE7860 /* Release */,
			);
			defaultConfigurationIsVisible = 0;
		};
		62B588051B3F32E000CE7860 /* Build configuration list for PBXNativeTarget "sqlite3-iphoneos" */ = {
			isa = XCConfigurationList;
			buildConfigurations = (
				62B588061B3F32E000CE7860 /* Debug */,
				62B588071B3F32E000CE7860 /* Release */,
			);
			defaultConfigurationIsVisible = 0;
		};
/* End XCConfigurationList section */
	};
	rootObject = 62B587CC1B3F30B600CE7860 /* Project object */;
}
